
Microsoft Visual Studio Solution File, Format Version 12.00
# Visual Studio Version 16
VisualStudioVersion = 16.0.29403.142
MinimumVisualStudioVersion = 10.0.40219.1
Project("{FAE04EC0-301F-11D3-BF4B-00C04F79EFBC}") = "LinqXml2", "LinqXml2\LinqXml2.csproj", "{67A54F27-2A5F-409E-A232-2B2825B2732C}"
EndProject
Global
	GlobalSection(SolutionConfigurationPlatforms) = preSolution
		Debug|Any CPU = Debug|Any CPU
		Release|Any CPU = Release|Any CPU
	EndGlobalSection
	GlobalSection(ProjectConfigurationPlatforms) = postSolution
		{67A54F27-2A5F-409E-A232-2B2825B2732C}.Debug|Any CPU.ActiveCfg = Debug|Any CPU
		{67A54F27-2A5F-409E-A232-2B2825B2732C}.Debug|Any CPU.Build.0 = Debug|Any CPU
		{67A54F27-2A5F-409E-A232-2B2825B2732C}.Release|Any CPU.ActiveCfg = Release|Any CPU
		{67A54F27-2A5F-409E-A232-2B2825B2732C}.Release|Any CPU.Build.0 = Release|Any CPU
	EndGlobalSection
	GlobalSection(SolutionProperties) = preSolution
		HideSolutionNode = FALSE
	EndGlobalSection
	GlobalSection(ExtensibilityGlobals) = postSolution
		SolutionGuid = {13E0FFB9-4AB5-430F-A024-1D514E4D89EE}
	EndGlobalSection
EndGlobal
